{
  "nodes": {
    "nixpkgs": {
      "locked": {
        "lastModified": 1730785428,
        "narHash": "sha256-Zwl8YgTVJTEum+L+0zVAWvXAGbWAuXHax3KzuejaDyo=",
        "owner": "NixOS",
        "repo": "nixpkgs",
        "rev": "4aa36568d413aca0ea84a1684d2d46f55dbabad7",
        "type": "github"
      },
      "original": {
        "id": "nixpkgs",
        "ref": "nixos-unstable",
        "type": "indirect"
      }
    },
    "quickshell": {
      "inputs": {
        "nixpkgs": [
          "quickshell-docs",
          "nixpkgs"
        ]
      },
      "locked": {
        "lastModified": 1736070933,
        "narHash": "sha256-Idv8z3ZgaZmibM/V/vv6TW9zaI+4kk2YjJ8bmc/EIVw=",
        "ref": "refs/heads/master",
        "rev": "761d99d644d42bc6de7a510bbaf8c5ab970605d8",
        "revCount": 451,
        "type": "git",
        "url": "https://git.outfoxxed.me/quickshell/quickshell"
      },
      "original": {
        "type": "git",
        "url": "https://git.outfoxxed.me/quickshell/quickshell"
      }
    },
    "quickshell-docs": {
      "inputs": {
        "nixpkgs": [
          "nixpkgs"
        ],
        "quickshell": "quickshell"
      },
      "locked": {
        "lastModified": 1736079307,
        "narHash": "sha256-wDo4GTvWag9a863AujDaxMSApf494I22UbaB49f0L0k=",
        "ref": "refs/heads/master",
        "rev": "9e32a07b3bf64bf0dba0020e8649c54758527483",
        "revCount": 95,
        "type": "git",
        "url": "https://git.outfoxxed.me/quickshell/quickshell-docs"
      },
      "original": {
        "type": "git",
        "url": "https://git.outfoxxed.me/quickshell/quickshell-docs"
      }
    },
    "root": {
      "inputs": {
        "nixpkgs": "nixpkgs",
        "quickshell-docs": "quickshell-docs"
      }
    }
  },
  "root": "root",
  "version": 7
}
